{
  "name": "gren-0.6.2",
  "version": "1.0.0",
  "lockfileVersion": 3,
  "requires": true,
  "packages": {
    "": {
      "name": "gren-0.6.2",
      "version": "1.0.0",
      "license": "ISC",
      "dependencies": {
        "gren-lang": "^0.6.2"
      }
    },
    "node_modules/gren-lang": {
      "version": "0.6.2",
      "resolved": "https://registry.npmjs.org/gren-lang/-/gren-lang-0.6.2.tgz",
      "integrity": "sha512-ZxFwHzQ7Xh6rXVPVck/VGV0Xp3GDC/HCvBCGjoRhZH56vGsEdaFroLYSSA0UUJhSU+9amuaGtpBI9sn9AafGlQ==",
      "license": "BSD-3-Clause",
      "bin": {
        "gren": "bin/compiler"
      },
      "funding": {
        "url": "https://ko-fi.com/gren"
      }
    }
  }
}
